# This file is automatically @generated by Cargo.
# It is not intended for manual editing.
[[package]]
name = "rog"
version = "0.1.8"
source = "registry+https://github.com/rust-lang/crates.io-index"
checksum = "a1317f3f2e394a9fcffa0e65d690f4c0311779a2b87888a78b669207f89e75d6"

[[package]]
name = "wasc"
version = "0.1.0"
dependencies = [
 "rog",
]
